// !$*UTF8*$!
{
	archiveVersion = 1;
	classes = {
	};
	objectVersion = 50;
	objects = {

/* Begin PBXBuildFile section */
		C643BA172189F7A7002A8478 /* AddTaskViewController.swift in Sources */ = {isa = PBXBuildFile; fileRef = C643BA162189F7A7002A8478 /* AddTaskViewController.swift */; };
		C6888FF82188B07F00F73E3C /* AppDelegate.swift in Sources */ = {isa = PBXBuildFile; fileRef = C6888FF72188B07F00F73E3C /* AppDelegate.swift */; };
		C6888FFA2188B07F00F73E3C /* PasswordViewController.swift in Sources */ = {isa = PBXBuildFile; fileRef = C6888FF92188B07F00F73E3C /* PasswordViewController.swift */; };
		C6888FFD2188B07F00F73E3C /* Main.storyboard in Resources */ = {isa = PBXBuildFile; fileRef = C6888FFB2188B07F00F73E3C /* Main.storyboard */; };
		C68890022188B08000F73E3C /* LaunchScreen.storyboard in Resources */ = {isa = PBXBuildFile; fileRef = C68890002188B08000F73E3C /* LaunchScreen.storyboard */; };
		C688900B2188B79B00F73E3C /* assets.xcassets in Resources */ = {isa = PBXBuildFile; fileRef = C688900A2188B79B00F73E3C /* assets.xcassets */; };
		C688900D2188C85000F73E3C /* Storage Enclave.swift in Sources */ = {isa = PBXBuildFile; fileRef = C688900C2188C85000F73E3C /* Storage Enclave.swift */; };
		C68890102188C9BF00F73E3C /* Task.swift in Sources */ = {isa = PBXBuildFile; fileRef = C688900F2188C9BF00F73E3C /* Task.swift */; };
		C68890132189261200F73E3C /* TaskViewController.swift in Sources */ = {isa = PBXBuildFile; fileRef = C68890122189261200F73E3C /* TaskViewController.swift */; };
		C6889015218934B100F73E3C /* SettingsViewController.swift in Sources */ = {isa = PBXBuildFile; fileRef = C6889014218934B100F73E3C /* SettingsViewController.swift */; };
/* End PBXBuildFile section */

/* Begin PBXFileReference section */
		C643BA162189F7A7002A8478 /* AddTaskViewController.swift */ = {isa = PBXFileReference; lastKnownFileType = sourcecode.swift; path = AddTaskViewController.swift; sourceTree = "<group>"; };
		C6888FF42188B07F00F73E3C /* Task Manager.app */ = {isa = PBXFileReference; explicitFileType = wrapper.application; includeInIndex = 0; path = "Task Manager.app"; sourceTree = BUILT_PRODUCTS_DIR; };
		C6888FF72188B07F00F73E3C /* AppDelegate.swift */ = {isa = PBXFileReference; lastKnownFileType = sourcecode.swift; path = AppDelegate.swift; sourceTree = "<group>"; };
		C6888FF92188B07F00F73E3C /* PasswordViewController.swift */ = {isa = PBXFileReference; lastKnownFileType = sourcecode.swift; path = PasswordViewController.swift; sourceTree = "<group>"; };
		C6888FFC2188B07F00F73E3C /* Base */ = {isa = PBXFileReference; lastKnownFileType = file.storyboard; name = Base; path = Base.lproj/Main.storyboard; sourceTree = "<group>"; };
		C68890012188B08000F73E3C /* Base */ = {isa = PBXFileReference; lastKnownFileType = file.storyboard; name = Base; path = Base.lproj/LaunchScreen.storyboard; sourceTree = "<group>"; };
		C68890032188B08000F73E3C /* Info.plist */ = {isa = PBXFileReference; lastKnownFileType = text.plist.xml; path = Info.plist; sourceTree = "<group>"; };
		C688900A2188B79B00F73E3C /* assets.xcassets */ = {isa = PBXFileReference; lastKnownFileType = folder.assetcatalog; path = assets.xcassets; sourceTree = "<group>"; };
		C688900C2188C85000F73E3C /* Storage Enclave.swift */ = {isa = PBXFileReference; lastKnownFileType = sourcecode.swift; path = "Storage Enclave.swift"; sourceTree = "<group>"; };
		C688900F2188C9BF00F73E3C /* Task.swift */ = {isa = PBXFileReference; lastKnownFileType = sourcecode.swift; path = Task.swift; sourceTree = "<group>"; };
		C68890122189261200F73E3C /* TaskViewController.swift */ = {isa = PBXFileReference; lastKnownFileType = sourcecode.swift; path = TaskViewController.swift; sourceTree = "<group>"; };
		C6889014218934B100F73E3C /* SettingsViewController.swift */ = {isa = PBXFileReference; lastKnownFileType = sourcecode.swift; path = SettingsViewController.swift; sourceTree = "<group>"; };
/* End PBXFileReference section */

/* Begin PBXFrameworksBuildPhase section */
		C6888FF12188B07F00F73E3C /* Frameworks */ = {
			isa = PBXFrameworksBuildPhase;
			buildActionMask = 2147483647;
			files = (
			);
			runOnlyForDeploymentPostprocessing = 0;
		};
/* End PBXFrameworksBuildPhase section */

/* Begin PBXGroup section */
		C6888FEB2188B07F00F73E3C = {
			isa = PBXGroup;
			children = (
				C6888FF62188B07F00F73E3C /* Task Manager */,
				C6888FF52188B07F00F73E3C /* Products */,
			);
			sourceTree = "<group>";
		};
		C6888FF52188B07F00F73E3C /* Products */ = {
			isa = PBXGroup;
			children = (
				C6888FF42188B07F00F73E3C /* Task Manager.app */,
			);
			name = Products;
			sourceTree = "<group>";
		};
		C6888FF62188B07F00F73E3C /* Task Manager */ = {
			isa = PBXGroup;
			children = (
				C6888FFB2188B07F00F73E3C /* Main.storyboard */,
				C6889016218934BA00F73E3C /* View Controllers */,
				C68890112188C9C700F73E3C /* Data and Frameworks */,
				C68890092188B0EA00F73E3C /* Misc */,
				C688900A2188B79B00F73E3C /* assets.xcassets */,
				C68890032188B08000F73E3C /* Info.plist */,
			);
			path = "Task Manager";
			sourceTree = "<group>";
		};
		C68890092188B0EA00F73E3C /* Misc */ = {
			isa = PBXGroup;
			children = (
				C6888FF72188B07F00F73E3C /* AppDelegate.swift */,
				C68890002188B08000F73E3C /* LaunchScreen.storyboard */,
			);
			path = Misc;
			sourceTree = "<group>";
		};
		C68890112188C9C700F73E3C /* Data and Frameworks */ = {
			isa = PBXGroup;
			children = (
				C688900C2188C85000F73E3C /* Storage Enclave.swift */,
				C688900F2188C9BF00F73E3C /* Task.swift */,
			);
			path = "Data and Frameworks";
			sourceTree = "<group>";
		};
		C6889016218934BA00F73E3C /* View Controllers */ = {
			isa = PBXGroup;
			children = (
				C6889014218934B100F73E3C /* SettingsViewController.swift */,
				C643BA162189F7A7002A8478 /* AddTaskViewController.swift */,
				C68890122189261200F73E3C /* TaskViewController.swift */,
				C6888FF92188B07F00F73E3C /* PasswordViewController.swift */,
			);
			path = "View Controllers";
			sourceTree = "<group>";
		};
/* End PBXGroup section */

/* Begin PBXNativeTarget section */
		C6888FF32188B07F00F73E3C /* Task Manager */ = {
			isa = PBXNativeTarget;
			buildConfigurationList = C68890062188B08000F73E3C /* Build configuration list for PBXNativeTarget "Task Manager" */;
			buildPhases = (
				C6888FF02188B07F00F73E3C /* Sources */,
				C6888FF12188B07F00F73E3C /* Frameworks */,
				C6888FF22188B07F00F73E3C /* Resources */,
			);
			buildRules = (
			);
			dependencies = (
			);
			name = "Task Manager";
			productName = "Task Manager";
			productReference = C6888FF42188B07F00F73E3C /* Task Manager.app */;
			productType = "com.apple.product-type.application";
		};
/* End PBXNativeTarget section */

/* Begin PBXProject section */
		C6888FEC2188B07F00F73E3C /* Project object */ = {
			isa = PBXProject;
			attributes = {
				LastSwiftUpdateCheck = 1000;
				LastUpgradeCheck = 1000;
				ORGANIZATIONNAME = "Phoenix Development";
				TargetAttributes = {
					C6888FF32188B07F00F73E3C = {
						CreatedOnToolsVersion = 10.0;
						SystemCapabilities = {
							com.apple.DataProtection = {
								enabled = 0;
							};
						};
					};
				};
			};
			buildConfigurationList = C6888FEF2188B07F00F73E3C /* Build configuration list for PBXProject "Task Manager" */;
			compatibilityVersion = "Xcode 9.3";
			developmentRegion = en;
			hasScannedForEncodings = 0;
			knownRegions = (
				en,
				Base,
			);
			mainGroup = C6888FEB2188B07F00F73E3C;
			productRefGroup = C6888FF52188B07F00F73E3C /* Products */;
			projectDirPath = "";
			projectRoot = "";
			targets = (
				C6888FF32188B07F00F73E3C /* Task Manager */,
			);
		};
/* End PBXProject section */

/* Begin PBXResourcesBuildPhase section */
		C6888FF22188B07F00F73E3C /* Resources */ = {
			isa = PBXResourcesBuildPhase;
			buildActionMask = 2147483647;
			files = (
				C68890022188B08000F73E3C /* LaunchScreen.storyboard in Resources */,
				C6888FFD2188B07F00F73E3C /* Main.storyboard in Resources */,
				C688900B2188B79B00F73E3C /* assets.xcassets in Resources */,
			);
			runOnlyForDeploymentPostprocessing = 0;
		};
/* End PBXResourcesBuildPhase section */

/* Begin PBXSourcesBuildPhase section */
		C6888FF02188B07F00F73E3C /* Sources */ = {
			isa = PBXSourcesBuildPhase;
			buildActionMask = 2147483647;
			files = (
				C68890102188C9BF00F73E3C /* Task.swift in Sources */,
				C688900D2188C85000F73E3C /* Storage Enclave.swift in Sources */,
				C68890132189261200F73E3C /* TaskViewController.swift in Sources */,
				C6888FFA2188B07F00F73E3C /* PasswordViewController.swift in Sources */,
				C6888FF82188B07F00F73E3C /* AppDelegate.swift in Sources */,
				C6889015218934B100F73E3C /* SettingsViewController.swift in Sources */,
				C643BA172189F7A7002A8478 /* AddTaskViewController.swift in Sources */,
			);
			runOnlyForDeploymentPostprocessing = 0;
		};
/* End PBXSourcesBuildPhase section */

/* Begin PBXVariantGroup section */
		C6888FFB2188B07F00F73E3C /* Main.storyboard */ = {
			isa = PBXVariantGroup;
			children = (
				C6888FFC2188B07F00F73E3C /* Base */,
			);
			name = Main.storyboard;
			sourceTree = "<group>";
		};
		C68890002188B08000F73E3C /* LaunchScreen.storyboard */ = {
			isa = PBXVariantGroup;
			children = (
				C68890012188B08000F73E3C /* Base */,
			);
			name = LaunchScreen.storyboard;
			sourceTree = "<group>";
		};
/* End PBXVariantGroup section */

/* Begin XCBuildConfiguration section */
		C68890042188B08000F73E3C /* Debug */ = {
			isa = XCBuildConfiguration;
			buildSettings = {
				ALWAYS_SEARCH_USER_PATHS = NO;
				CLANG_ANALYZER_NONNULL = YES;
				CLANG_ANALYZER_NUMBER_OBJECT_CONVERSION = YES_AGGRESSIVE;
				CLANG_CXX_LANGUAGE_STANDARD = "gnu++14";
				CLANG_CXX_LIBRARY = "libc++";
				CLANG_ENABLE_MODULES = YES;
				CLANG_ENABLE_OBJC_ARC = YES;
				CLANG_ENABLE_OBJC_WEAK = YES;
				CLANG_WARN_BLOCK_CAPTURE_AUTORELEASING = YES;
				CLANG_WARN_BOOL_CONVERSION = YES;
				CLANG_WARN_COMMA = YES;
				CLANG_WARN_CONSTANT_CONVERSION = YES;
				CLANG_WARN_DEPRECATED_OBJC_IMPLEMENTATIONS = YES;
				CLANG_WARN_DIRECT_OBJC_ISA_USAGE = YES_ERROR;
				CLANG_WARN_DOCUMENTATION_COMMENTS = YES;
				CLANG_WARN_EMPTY_BODY = YES;
				CLANG_WARN_ENUM_CONVERSION = YES;
				CLANG_WARN_INFINITE_RECURSION = YES;
				CLANG_WARN_INT_CONVERSION = YES;
				CLANG_WARN_NON_LITERAL_NULL_CONVERSION = YES;
				CLANG_WARN_OBJC_IMPLICIT_RETAIN_SELF = YES;
				CLANG_WARN_OBJC_LITERAL_CONVERSION = YES;
				CLANG_WARN_OBJC_ROOT_CLASS = YES_ERROR;
				CLANG_WARN_RANGE_LOOP_ANALYSIS = YES;
				CLANG_WARN_STRICT_PROTOTYPES = YES;
				CLANG_WARN_SUSPICIOUS_MOVE = YES;
				CLANG_WARN_UNGUARDED_AVAILABILITY = YES_AGGRESSIVE;
				CLANG_WARN_UNREACHABLE_CODE = YES;
				CLANG_WARN__DUPLICATE_METHOD_MATCH = YES;
				CODE_SIGN_IDENTITY = "iPhone Developer";
				COPY_PHASE_STRIP = NO;
				DEBUG_INFORMATION_FORMAT = dwarf;
				ENABLE_STRICT_OBJC_MSGSEND = YES;
				ENABLE_TESTABILITY = YES;
				GCC_C_LANGUAGE_STANDARD = gnu11;
				GCC_DYNAMIC_NO_PIC = NO;
				GCC_NO_COMMON_BLOCKS = YES;
				GCC_OPTIMIZATION_LEVEL = 0;
				GCC_PREPROCESSOR_DEFINITIONS = (
					"DEBUG=1",
					"$(inherited)",
				);
				GCC_WARN_64_TO_32_BIT_CONVERSION = YES;
				GCC_WARN_ABOUT_RETURN_TYPE = YES_ERROR;
				GCC_WARN_UNDECLARED_SELECTOR = YES;
				GCC_WARN_UNINITIALIZED_AUTOS = YES_AGGRESSIVE;
				GCC_WARN_UNUSED_FUNCTION = YES;
				GCC_WARN_UNUSED_VARIABLE = YES;
				IPHONEOS_DEPLOYMENT_TARGET = 12.0;
				MTL_ENABLE_DEBUG_INFO = INCLUDE_SOURCE;
				MTL_FAST_MATH = YES;
				ONLY_ACTIVE_ARCH = YES;
				SDKROOT = iphoneos;
				SWIFT_ACTIVE_COMPILATION_CONDITIONS = DEBUG;
				SWIFT_OPTIMIZATION_LEVEL = "-Onone";
			};
			name = Debug;
		};
		C68890052188B08000F73E3C /* Release */ = {
			isa = XCBuildConfiguration;
			buildSettings = {
				ALWAYS_SEARCH_USER_PATHS = NO;
				CLANG_ANALYZER_NONNULL = YES;
				CLANG_ANALYZER_NUMBER_OBJECT_CONVERSION = YES_AGGRESSIVE;
				CLANG_CXX_LANGUAGE_STANDARD = "gnu++14";
				CLANG_CXX_LIBRARY = "libc++";
				CLANG_ENABLE_MODULES = YES;
				CLANG_ENABLE_OBJC_ARC = YES;
				CLANG_ENABLE_OBJC_WEAK = YES;
				CLANG_WARN_BLOCK_CAPTURE_AUTORELEASING = YES;
				CLANG_WARN_BOOL_CONVERSION = YES;
				CLANG_WARN_COMMA = YES;
				CLANG_WARN_CONSTANT_CONVERSION = YES;
				CLANG_WARN_DEPRECATED_OBJC_IMPLEMENTATIONS = YES;
				CLANG_WARN_DIRECT_OBJC_ISA_USAGE = YES_ERROR;
				CLANG_WARN_DOCUMENTATION_COMMENTS = YES;
				CLANG_WARN_EMPTY_BODY = YES;
				CLANG_WARN_ENUM_CONVERSION = YES;
				CLANG_WARN_INFINITE_RECURSION = YES;
				CLANG_WARN_INT_CONVERSION = YES;
				CLANG_WARN_NON_LITERAL_NULL_CONVERSION = YES;
				CLANG_WARN_OBJC_IMPLICIT_RETAIN_SELF = YES;
				CLANG_WARN_OBJC_LITERAL_CONVERSION = YES;
				CLANG_WARN_OBJC_ROOT_CLASS = YES_ERROR;
				CLANG_WARN_RANGE_LOOP_ANALYSIS = YES;
				CLANG_WARN_STRICT_PROTOTYPES = YES;
				CLANG_WARN_SUSPICIOUS_MOVE = YES;
				CLANG_WARN_UNGUARDED_AVAILABILITY = YES_AGGRESSIVE;
				CLANG_WARN_UNREACHABLE_CODE = YES;
				CLANG_WARN__DUPLICATE_METHOD_MATCH = YES;
				CODE_SIGN_IDENTITY = "iPhone Developer";
				COPY_PHASE_STRIP = NO;
				DEBUG_INFORMATION_FORMAT = "dwarf-with-dsym";
				ENABLE_NS_ASSERTIONS = NO;
				ENABLE_STRICT_OBJC_MSGSEND = YES;
				GCC_C_LANGUAGE_STANDARD = gnu11;
				GCC_NO_COMMON_BLOCKS = YES;
				GCC_WARN_64_TO_32_BIT_CONVERSION = YES;
				GCC_WARN_ABOUT_RETURN_TYPE = YES_ERROR;
				GCC_WARN_UNDECLARED_SELECTOR = YES;
				GCC_WARN_UNINITIALIZED_AUTOS = YES_AGGRESSIVE;
				GCC_WARN_UNUSED_FUNCTION = YES;
				GCC_WARN_UNUSED_VARIABLE = YES;
				IPHONEOS_DEPLOYMENT_TARGET = 12.0;
				MTL_ENABLE_DEBUG_INFO = NO;
				MTL_FAST_MATH = YES;
				SDKROOT = iphoneos;
				SWIFT_COMPILATION_MODE = wholemodule;
				SWIFT_OPTIMIZATION_LEVEL = "-O";
				VALIDATE_PRODUCT = YES;
			};
			name = Release;
		};
		C68890072188B08000F73E3C /* Debug */ = {
			isa = XCBuildConfiguration;
			buildSettings = {
				ASSETCATALOG_COMPILER_APPICON_NAME = AppIcon;
				CODE_SIGN_STYLE = Automatic;
				DEVELOPMENT_TEAM = MA7ASKQ2T8;
				INFOPLIST_FILE = "Task Manager/Info.plist";
				IPHONEOS_DEPLOYMENT_TARGET = 11.0;
				LD_RUNPATH_SEARCH_PATHS = (
					"$(inherited)",
					"@executable_path/Frameworks",
				);
				PRODUCT_BUNDLE_IDENTIFIER = "Phoenix.Task-Manager";
				PRODUCT_NAME = "$(TARGET_NAME)";
				SWIFT_VERSION = 4.2;
				TARGETED_DEVICE_FAMILY = 1;
			};
			name = Debug;
		};
		C68890082188B08000F73E3C /* Release */ = {
			isa = XCBuildConfiguration;
			buildSettings = {
				ASSETCATALOG_COMPILER_APPICON_NAME = AppIcon;
				CODE_SIGN_STYLE = Automatic;
				DEVELOPMENT_TEAM = MA7ASKQ2T8;
				INFOPLIST_FILE = "Task Manager/Info.plist";
				IPHONEOS_DEPLOYMENT_TARGET = 11.0;
				LD_RUNPATH_SEARCH_PATHS = (
					"$(inherited)",
					"@executable_path/Frameworks",
				);
				PRODUCT_BUNDLE_IDENTIFIER = "Phoenix.Task-Manager";
				PRODUCT_NAME = "$(TARGET_NAME)";
				SWIFT_VERSION = 4.2;
				TARGETED_DEVICE_FAMILY = 1;
			};
			name = Release;
		};
/* End XCBuildConfiguration section */

/* Begin XCConfigurationList section */
		C6888FEF2188B07F00F73E3C /* Build configuration list for PBXProject "Task Manager" */ = {
			isa = XCConfigurationList;
			buildConfigurations = (
				C68890042188B08000F73E3C /* Debug */,
				C68890052188B08000F73E3C /* Release */,
			);
			defaultConfigurationIsVisible = 0;
			defaultConfigurationName = Release;
		};
		C68890062188B08000F73E3C /* Build configuration list for PBXNativeTarget "Task Manager" */ = {
			isa = XCConfigurationList;
			buildConfigurations = (
				C68890072188B08000F73E3C /* Debug */,
				C68890082188B08000F73E3C /* Release */,
			);
			defaultConfigurationIsVisible = 0;
			defaultConfigurationName = Release;
		};
/* End XCConfigurationList section */
	};
	rootObject = C6888FEC2188B07F00F73E3C /* Project object */;
}
